
Microsoft Visual Studio Solution File, Format Version 12.00
# Visual Studio Version 17
VisualStudioVersion = 17.8.34525.116
MinimumVisualStudioVersion = 10.0.40219.1
Project("{9A19103F-16F7-4668-BE54-9A1E7A4F7556}") = "API.KotaMail", "API.KotaMail\API.KotaMail.csproj", "{41A80E1A-31A0-4B91-BA34-7B6E3653CAE5}"
EndProject
Project("{2150E333-8FDC-42A3-9474-1A3956D46DE8}") = "_Framework", "_Framework", "{27340B79-A0C6-4287-AEC5-5A57B246D4AD}"
EndProject
Project("{9A19103F-16F7-4668-BE54-9A1E7A4F7556}") = "Framework.Core", "Framework.Core\Framework.Core.csproj", "{C57EBF68-185F-437B-A7B7-208A8EACBFF9}"
EndProject
Project("{9A19103F-16F7-4668-BE54-9A1E7A4F7556}") = "Framework.Dto", "Framework.Dto\Framework.Dto.csproj", "{2EEF7E10-360E-4672-8AE3-85949B2BDBAD}"
EndProject
Project("{9A19103F-16F7-4668-BE54-9A1E7A4F7556}") = "Framework.RepositoryContract", "Framework.RepositoryContract\Framework.RepositoryContract.csproj", "{3B067D71-6B25-476B-AF7B-F6E9B9F03108}"
EndProject
Project("{9A19103F-16F7-4668-BE54-9A1E7A4F7556}") = "Framework.Repository", "Framework.Repository\Framework.Repository.csproj", "{D1F971B2-FAE0-41D1-8CB5-AE7BE355B186}"
EndProject
Project("{9A19103F-16F7-4668-BE54-9A1E7A4F7556}") = "Framework.ServiceContract", "Framework.ServiceContract\Framework.ServiceContract.csproj", "{8190F8A9-E05B-4784-A701-ABB0695A6574}"
EndProject
Project("{9A19103F-16F7-4668-BE54-9A1E7A4F7556}") = "Framework.Service", "Framework.Service\Framework.Service.csproj", "{409712D0-D05D-42B9-B614-9840DEF86ABE}"
EndProject
Project("{2150E333-8FDC-42A3-9474-1A3956D46DE8}") = "DataAccess", "DataAccess", "{79389E75-49D2-4812-BF4C-ED902FAB9160}"
EndProject
Project("{9A19103F-16F7-4668-BE54-9A1E7A4F7556}") = "API.DataAccess", "Api.DataAccess\API.DataAccess.csproj", "{CF791E88-4B1E-43B4-9742-123432EB5F9B}"
EndProject
Project("{9A19103F-16F7-4668-BE54-9A1E7A4F7556}") = "API.RepositoryContract", "API.RepositoryContract\API.RepositoryContract.csproj", "{83FFC828-E065-4142-983C-FA53F672FF87}"
EndProject
Project("{E53339B2-1760-4266-BCC7-CA923CBCF16C}") = "docker-compose", "docker-compose.dcproj", "{298172E8-E75E-430E-B8EF-DC69A35E847D}"
EndProject
Project("{2150E333-8FDC-42A3-9474-1A3956D46DE8}") = "Core", "Core", "{161878D4-DDCB-4A0E-BC88-02BB3153A6C7}"
EndProject
Project("{9A19103F-16F7-4668-BE54-9A1E7A4F7556}") = "API.Dto", "API.Dto\API.Dto.csproj", "{977A8DCD-B7E7-4C55-82EC-D3C34ED01CD2}"
EndProject
Project("{9A19103F-16F7-4668-BE54-9A1E7A4F7556}") = "API.Repository", "API.Repository\API.Repository.csproj", "{1E0CD60A-9ECC-4513-AFB2-204C4AF6963E}"
EndProject
Project("{2150E333-8FDC-42A3-9474-1A3956D46DE8}") = "Service", "Service", "{ACA48FE8-18FD-4EB4-8CF4-619C39B7D4E1}"
EndProject
Project("{9A19103F-16F7-4668-BE54-9A1E7A4F7556}") = "API.ServiceContract", "API.ServiceContract\API.ServiceContract.csproj", "{74C4C930-7FB8-47BF-9CCE-D0A595AA559D}"
EndProject
Project("{9A19103F-16F7-4668-BE54-9A1E7A4F7556}") = "API.Service", "API.Service\API.Service.csproj", "{5CA9CB62-358E-4982-A783-02A70D59C851}"
EndProject
Project("{9A19103F-16F7-4668-BE54-9A1E7A4F7556}") = "Framework.Application", "Framework.Application\Framework.Application.csproj", "{689B1E12-5FFC-498B-85F5-0D7E01E2AE76}"
EndProject
Project("{FAE04EC0-301F-11D3-BF4B-00C04F79EFBC}") = "API.Core", "API.Core\API.Core.csproj", "{4DDB1D02-0659-4C0E-8EBF-201EE7551BC7}"
EndProject
Global
	GlobalSection(SolutionConfigurationPlatforms) = preSolution
		Debug|Any CPU = Debug|Any CPU
		Release|Any CPU = Release|Any CPU
	EndGlobalSection
	GlobalSection(ProjectConfigurationPlatforms) = postSolution
		{41A80E1A-31A0-4B91-BA34-7B6E3653CAE5}.Debug|Any CPU.ActiveCfg = Debug|Any CPU
		{41A80E1A-31A0-4B91-BA34-7B6E3653CAE5}.Debug|Any CPU.Build.0 = Debug|Any CPU
		{41A80E1A-31A0-4B91-BA34-7B6E3653CAE5}.Release|Any CPU.ActiveCfg = Release|Any CPU
		{41A80E1A-31A0-4B91-BA34-7B6E3653CAE5}.Release|Any CPU.Build.0 = Release|Any CPU
		{C57EBF68-185F-437B-A7B7-208A8EACBFF9}.Debug|Any CPU.ActiveCfg = Debug|Any CPU
		{C57EBF68-185F-437B-A7B7-208A8EACBFF9}.Debug|Any CPU.Build.0 = Debug|Any CPU
		{C57EBF68-185F-437B-A7B7-208A8EACBFF9}.Release|Any CPU.ActiveCfg = Release|Any CPU
		{C57EBF68-185F-437B-A7B7-208A8EACBFF9}.Release|Any CPU.Build.0 = Release|Any CPU
		{2EEF7E10-360E-4672-8AE3-85949B2BDBAD}.Debug|Any CPU.ActiveCfg = Debug|Any CPU
		{2EEF7E10-360E-4672-8AE3-85949B2BDBAD}.Debug|Any CPU.Build.0 = Debug|Any CPU
		{2EEF7E10-360E-4672-8AE3-85949B2BDBAD}.Release|Any CPU.ActiveCfg = Release|Any CPU
		{2EEF7E10-360E-4672-8AE3-85949B2BDBAD}.Release|Any CPU.Build.0 = Release|Any CPU
		{3B067D71-6B25-476B-AF7B-F6E9B9F03108}.Debug|Any CPU.ActiveCfg = Debug|Any CPU
		{3B067D71-6B25-476B-AF7B-F6E9B9F03108}.Debug|Any CPU.Build.0 = Debug|Any CPU
		{3B067D71-6B25-476B-AF7B-F6E9B9F03108}.Release|Any CPU.ActiveCfg = Release|Any CPU
		{3B067D71-6B25-476B-AF7B-F6E9B9F03108}.Release|Any CPU.Build.0 = Release|Any CPU
		{D1F971B2-FAE0-41D1-8CB5-AE7BE355B186}.Debug|Any CPU.ActiveCfg = Debug|Any CPU
		{D1F971B2-FAE0-41D1-8CB5-AE7BE355B186}.Debug|Any CPU.Build.0 = Debug|Any CPU
		{D1F971B2-FAE0-41D1-8CB5-AE7BE355B186}.Release|Any CPU.ActiveCfg = Release|Any CPU
		{D1F971B2-FAE0-41D1-8CB5-AE7BE355B186}.Release|Any CPU.Build.0 = Release|Any CPU
		{8190F8A9-E05B-4784-A701-ABB0695A6574}.Debug|Any CPU.ActiveCfg = Debug|Any CPU
		{8190F8A9-E05B-4784-A701-ABB0695A6574}.Debug|Any CPU.Build.0 = Debug|Any CPU
		{8190F8A9-E05B-4784-A701-ABB0695A6574}.Release|Any CPU.ActiveCfg = Release|Any CPU
		{8190F8A9-E05B-4784-A701-ABB0695A6574}.Release|Any CPU.Build.0 = Release|Any CPU
		{409712D0-D05D-42B9-B614-9840DEF86ABE}.Debug|Any CPU.ActiveCfg = Debug|Any CPU
		{409712D0-D05D-42B9-B614-9840DEF86ABE}.Debug|Any CPU.Build.0 = Debug|Any CPU
		{409712D0-D05D-42B9-B614-9840DEF86ABE}.Release|Any CPU.ActiveCfg = Release|Any CPU
		{409712D0-D05D-42B9-B614-9840DEF86ABE}.Release|Any CPU.Build.0 = Release|Any CPU
		{CF791E88-4B1E-43B4-9742-123432EB5F9B}.Debug|Any CPU.ActiveCfg = Debug|Any CPU
		{CF791E88-4B1E-43B4-9742-123432EB5F9B}.Debug|Any CPU.Build.0 = Debug|Any CPU
		{CF791E88-4B1E-43B4-9742-123432EB5F9B}.Release|Any CPU.ActiveCfg = Release|Any CPU
		{CF791E88-4B1E-43B4-9742-123432EB5F9B}.Release|Any CPU.Build.0 = Release|Any CPU
		{83FFC828-E065-4142-983C-FA53F672FF87}.Debug|Any CPU.ActiveCfg = Debug|Any CPU
		{83FFC828-E065-4142-983C-FA53F672FF87}.Debug|Any CPU.Build.0 = Debug|Any CPU
		{83FFC828-E065-4142-983C-FA53F672FF87}.Release|Any CPU.ActiveCfg = Release|Any CPU
		{83FFC828-E065-4142-983C-FA53F672FF87}.Release|Any CPU.Build.0 = Release|Any CPU
		{298172E8-E75E-430E-B8EF-DC69A35E847D}.Debug|Any CPU.ActiveCfg = Debug|Any CPU
		{298172E8-E75E-430E-B8EF-DC69A35E847D}.Debug|Any CPU.Build.0 = Debug|Any CPU
		{298172E8-E75E-430E-B8EF-DC69A35E847D}.Release|Any CPU.ActiveCfg = Release|Any CPU
		{298172E8-E75E-430E-B8EF-DC69A35E847D}.Release|Any CPU.Build.0 = Release|Any CPU
		{977A8DCD-B7E7-4C55-82EC-D3C34ED01CD2}.Debug|Any CPU.ActiveCfg = Debug|Any CPU
		{977A8DCD-B7E7-4C55-82EC-D3C34ED01CD2}.Debug|Any CPU.Build.0 = Debug|Any CPU
		{977A8DCD-B7E7-4C55-82EC-D3C34ED01CD2}.Release|Any CPU.ActiveCfg = Release|Any CPU
		{977A8DCD-B7E7-4C55-82EC-D3C34ED01CD2}.Release|Any CPU.Build.0 = Release|Any CPU
		{1E0CD60A-9ECC-4513-AFB2-204C4AF6963E}.Debug|Any CPU.ActiveCfg = Debug|Any CPU
		{1E0CD60A-9ECC-4513-AFB2-204C4AF6963E}.Debug|Any CPU.Build.0 = Debug|Any CPU
		{1E0CD60A-9ECC-4513-AFB2-204C4AF6963E}.Release|Any CPU.ActiveCfg = Release|Any CPU
		{1E0CD60A-9ECC-4513-AFB2-204C4AF6963E}.Release|Any CPU.Build.0 = Release|Any CPU
		{74C4C930-7FB8-47BF-9CCE-D0A595AA559D}.Debug|Any CPU.ActiveCfg = Debug|Any CPU
		{74C4C930-7FB8-47BF-9CCE-D0A595AA559D}.Debug|Any CPU.Build.0 = Debug|Any CPU
		{74C4C930-7FB8-47BF-9CCE-D0A595AA559D}.Release|Any CPU.ActiveCfg = Release|Any CPU
		{74C4C930-7FB8-47BF-9CCE-D0A595AA559D}.Release|Any CPU.Build.0 = Release|Any CPU
		{5CA9CB62-358E-4982-A783-02A70D59C851}.Debug|Any CPU.ActiveCfg = Debug|Any CPU
		{5CA9CB62-358E-4982-A783-02A70D59C851}.Debug|Any CPU.Build.0 = Debug|Any CPU
		{5CA9CB62-358E-4982-A783-02A70D59C851}.Release|Any CPU.ActiveCfg = Release|Any CPU
		{5CA9CB62-358E-4982-A783-02A70D59C851}.Release|Any CPU.Build.0 = Release|Any CPU
		{689B1E12-5FFC-498B-85F5-0D7E01E2AE76}.Debug|Any CPU.ActiveCfg = Debug|Any CPU
		{689B1E12-5FFC-498B-85F5-0D7E01E2AE76}.Debug|Any CPU.Build.0 = Debug|Any CPU
		{689B1E12-5FFC-498B-85F5-0D7E01E2AE76}.Release|Any CPU.ActiveCfg = Release|Any CPU
		{689B1E12-5FFC-498B-85F5-0D7E01E2AE76}.Release|Any CPU.Build.0 = Release|Any CPU
		{4DDB1D02-0659-4C0E-8EBF-201EE7551BC7}.Debug|Any CPU.ActiveCfg = Debug|Any CPU
		{4DDB1D02-0659-4C0E-8EBF-201EE7551BC7}.Debug|Any CPU.Build.0 = Debug|Any CPU
		{4DDB1D02-0659-4C0E-8EBF-201EE7551BC7}.Release|Any CPU.ActiveCfg = Release|Any CPU
		{4DDB1D02-0659-4C0E-8EBF-201EE7551BC7}.Release|Any CPU.Build.0 = Release|Any CPU
	EndGlobalSection
	GlobalSection(SolutionProperties) = preSolution
		HideSolutionNode = FALSE
	EndGlobalSection
	GlobalSection(NestedProjects) = preSolution
		{C57EBF68-185F-437B-A7B7-208A8EACBFF9} = {27340B79-A0C6-4287-AEC5-5A57B246D4AD}
		{2EEF7E10-360E-4672-8AE3-85949B2BDBAD} = {27340B79-A0C6-4287-AEC5-5A57B246D4AD}
		{3B067D71-6B25-476B-AF7B-F6E9B9F03108} = {27340B79-A0C6-4287-AEC5-5A57B246D4AD}
		{D1F971B2-FAE0-41D1-8CB5-AE7BE355B186} = {27340B79-A0C6-4287-AEC5-5A57B246D4AD}
		{8190F8A9-E05B-4784-A701-ABB0695A6574} = {27340B79-A0C6-4287-AEC5-5A57B246D4AD}
		{409712D0-D05D-42B9-B614-9840DEF86ABE} = {27340B79-A0C6-4287-AEC5-5A57B246D4AD}
		{CF791E88-4B1E-43B4-9742-123432EB5F9B} = {79389E75-49D2-4812-BF4C-ED902FAB9160}
		{83FFC828-E065-4142-983C-FA53F672FF87} = {79389E75-49D2-4812-BF4C-ED902FAB9160}
		{977A8DCD-B7E7-4C55-82EC-D3C34ED01CD2} = {161878D4-DDCB-4A0E-BC88-02BB3153A6C7}
		{1E0CD60A-9ECC-4513-AFB2-204C4AF6963E} = {79389E75-49D2-4812-BF4C-ED902FAB9160}
		{74C4C930-7FB8-47BF-9CCE-D0A595AA559D} = {ACA48FE8-18FD-4EB4-8CF4-619C39B7D4E1}
		{5CA9CB62-358E-4982-A783-02A70D59C851} = {ACA48FE8-18FD-4EB4-8CF4-619C39B7D4E1}
		{689B1E12-5FFC-498B-85F5-0D7E01E2AE76} = {27340B79-A0C6-4287-AEC5-5A57B246D4AD}
		{4DDB1D02-0659-4C0E-8EBF-201EE7551BC7} = {161878D4-DDCB-4A0E-BC88-02BB3153A6C7}
	EndGlobalSection
	GlobalSection(ExtensibilityGlobals) = postSolution
		SolutionGuid = {17FFEEA4-7131-4004-A438-1A915AC2359B}
	EndGlobalSection
EndGlobal
